
Microsoft Visual Studio Solution File, Format Version 12.00
# Visual Studio 15
VisualStudioVersion = 15.0.27703.2035
MinimumVisualStudioVersion = 10.0.40219.1
Project("{FAE04EC0-301F-11D3-BF4B-00C04F79EFBC}") = "AzureMessageProcessing", "AzureMessageProcessing\AzureMessageProcessing.csproj", "{B4F5D84F-72F9-49DC-AB3A-BA8E94238D84}"
EndProject
Global
	GlobalSection(SolutionConfigurationPlatforms) = preSolution
		Debug|Any CPU = Debug|Any CPU
		Release|Any CPU = Release|Any CPU
	EndGlobalSection
	GlobalSection(ProjectConfigurationPlatforms) = postSolution
		{B4F5D84F-72F9-49DC-AB3A-BA8E94238D84}.Debug|Any CPU.ActiveCfg = Debug|Any CPU
		{B4F5D84F-72F9-49DC-AB3A-BA8E94238D84}.Debug|Any CPU.Build.0 = Debug|Any CPU
		{B4F5D84F-72F9-49DC-AB3A-BA8E94238D84}.Release|Any CPU.ActiveCfg = Release|Any CPU
		{B4F5D84F-72F9-49DC-AB3A-BA8E94238D84}.Release|Any CPU.Build.0 = Release|Any CPU
	EndGlobalSection
	GlobalSection(SolutionProperties) = preSolution
		HideSolutionNode = FALSE
	EndGlobalSection
	GlobalSection(ExtensibilityGlobals) = postSolution
		SolutionGuid = {53FBAB2E-D94B-4293-B042-0343E647092A}
	EndGlobalSection
EndGlobal
